// !$*UTF8*$!
{
	archiveVersion = 1;
	classes = {
	};
	objectVersion = 56;
	objects = {

/* Begin PBXBuildFile section */
		ED0EB7302C29957900A48F26 /* SettingsView.swift in Sources */ = {isa = PBXBuildFile; fileRef = ED0EB72F2C29957900A48F26 /* SettingsView.swift */; };
		ED0EB7322C29963D00A48F26 /* BoxesListView.swift in Sources */ = {isa = PBXBuildFile; fileRef = ED0EB7312C29963D00A48F26 /* BoxesListView.swift */; };
		ED0EB7382C2A95EB00A48F26 /* ScanView.swift in Sources */ = {isa = PBXBuildFile; fileRef = ED0EB7372C2A95EB00A48F26 /* ScanView.swift */; };
		ED0EB73A2C2AA17900A48F26 /* QRCodeGen.swift in Sources */ = {isa = PBXBuildFile; fileRef = ED0EB7392C2AA17900A48F26 /* QRCodeGen.swift */; };
		ED0EB73C2C2AA22100A48F26 /* BoxesListFeature.swift in Sources */ = {isa = PBXBuildFile; fileRef = ED0EB73B2C2AA22100A48F26 /* BoxesListFeature.swift */; };
		ED0EB73E2C2C5C0A00A48F26 /* BoxDetailFeature.swift in Sources */ = {isa = PBXBuildFile; fileRef = ED0EB73D2C2C5C0900A48F26 /* BoxDetailFeature.swift */; };
		ED0EB7402C2C5C7800A48F26 /* BoxDetailView.swift in Sources */ = {isa = PBXBuildFile; fileRef = ED0EB73F2C2C5C7800A48F26 /* BoxDetailView.swift */; };
		ED3A619E2C2EC855008A818F /* CardView.swift in Sources */ = {isa = PBXBuildFile; fileRef = ED3A619D2C2EC855008A818F /* CardView.swift */; };
		ED3A61A02C2EF71D008A818F /* BoxFormFeature.swift in Sources */ = {isa = PBXBuildFile; fileRef = ED3A619F2C2EF71D008A818F /* BoxFormFeature.swift */; };
		ED3A61A32C2EF9B5008A818F /* BoxFormView.swift in Sources */ = {isa = PBXBuildFile; fileRef = ED3A61A22C2EF9B5008A818F /* BoxFormView.swift */; };
		ED3A61A72C2F0BFB008A818F /* BoxView.swift in Sources */ = {isa = PBXBuildFile; fileRef = ED3A61A62C2F0BFB008A818F /* BoxView.swift */; };
		ED6F7BA32BE644C300928A6D /* BoxLabelsApp.swift in Sources */ = {isa = PBXBuildFile; fileRef = ED6F7BA22BE644C300928A6D /* BoxLabelsApp.swift */; };
		ED6F7BA72BE644C700928A6D /* Assets.xcassets in Resources */ = {isa = PBXBuildFile; fileRef = ED6F7BA62BE644C700928A6D /* Assets.xcassets */; };
		ED6F7BAA2BE644C700928A6D /* Preview Assets.xcassets in Resources */ = {isa = PBXBuildFile; fileRef = ED6F7BA92BE644C700928A6D /* Preview Assets.xcassets */; };
		ED6F7BB42BE6485B00928A6D /* GoogleService-Info.plist in Resources */ = {isa = PBXBuildFile; fileRef = ED6F7BB32BE6485B00928A6D /* GoogleService-Info.plist */; };
		ED6F7BBC2BE6519900928A6D /* ComposableArchitecture in Frameworks */ = {isa = PBXBuildFile; productRef = ED6F7BBB2BE6519900928A6D /* ComposableArchitecture */; };
		ED6F7BBE2BE6519D00928A6D /* FirebaseAnalytics in Frameworks */ = {isa = PBXBuildFile; productRef = ED6F7BBD2BE6519D00928A6D /* FirebaseAnalytics */; };
		ED6F7BC02BE651A000928A6D /* FirebaseAnalyticsSwift in Frameworks */ = {isa = PBXBuildFile; productRef = ED6F7BBF2BE651A000928A6D /* FirebaseAnalyticsSwift */; };
		ED6F7BC42BE667BB00928A6D /* Box.swift in Sources */ = {isa = PBXBuildFile; fileRef = ED6F7BC32BE667BB00928A6D /* Box.swift */; };
		ED7BDDED2C2D940B00DECC03 /* .swiftlint.yml in Resources */ = {isa = PBXBuildFile; fileRef = ED7BDDEC2C2D940B00DECC03 /* .swiftlint.yml */; };
		ED7BDDF92C2DC14E00DECC03 /* Item.swift in Sources */ = {isa = PBXBuildFile; fileRef = ED7BDDF82C2DC14D00DECC03 /* Item.swift */; };
		ED9E8AE12C2F60EB0065EDFE /* AppView.swift in Sources */ = {isa = PBXBuildFile; fileRef = ED9E8AE02C2F60EB0065EDFE /* AppView.swift */; };
		ED9E8AE32C2F60F50065EDFE /* AppFeature.swift in Sources */ = {isa = PBXBuildFile; fileRef = ED9E8AE22C2F60F50065EDFE /* AppFeature.swift */; };
		EDCE736E2C303B9200EEF3E5 /* CodeScanner in Frameworks */ = {isa = PBXBuildFile; productRef = EDCE736D2C303B9200EEF3E5 /* CodeScanner */; };
/* End PBXBuildFile section */

/* Begin PBXFileReference section */
		ED0EB72F2C29957900A48F26 /* SettingsView.swift */ = {isa = PBXFileReference; lastKnownFileType = sourcecode.swift; path = SettingsView.swift; sourceTree = "<group>"; };
		ED0EB7312C29963D00A48F26 /* BoxesListView.swift */ = {isa = PBXFileReference; lastKnownFileType = sourcecode.swift; path = BoxesListView.swift; sourceTree = "<group>"; };
		ED0EB7372C2A95EB00A48F26 /* ScanView.swift */ = {isa = PBXFileReference; lastKnownFileType = sourcecode.swift; path = ScanView.swift; sourceTree = "<group>"; };
		ED0EB7392C2AA17900A48F26 /* QRCodeGen.swift */ = {isa = PBXFileReference; lastKnownFileType = sourcecode.swift; path = QRCodeGen.swift; sourceTree = "<group>"; };
		ED0EB73B2C2AA22100A48F26 /* BoxesListFeature.swift */ = {isa = PBXFileReference; lastKnownFileType = sourcecode.swift; path = BoxesListFeature.swift; sourceTree = "<group>"; };
		ED0EB73D2C2C5C0900A48F26 /* BoxDetailFeature.swift */ = {isa = PBXFileReference; lastKnownFileType = sourcecode.swift; path = BoxDetailFeature.swift; sourceTree = "<group>"; };
		ED0EB73F2C2C5C7800A48F26 /* BoxDetailView.swift */ = {isa = PBXFileReference; lastKnownFileType = sourcecode.swift; path = BoxDetailView.swift; sourceTree = "<group>"; };
		ED3A619D2C2EC855008A818F /* CardView.swift */ = {isa = PBXFileReference; lastKnownFileType = sourcecode.swift; path = CardView.swift; sourceTree = "<group>"; };
		ED3A619F2C2EF71D008A818F /* BoxFormFeature.swift */ = {isa = PBXFileReference; lastKnownFileType = sourcecode.swift; path = BoxFormFeature.swift; sourceTree = "<group>"; };
		ED3A61A22C2EF9B5008A818F /* BoxFormView.swift */ = {isa = PBXFileReference; lastKnownFileType = sourcecode.swift; path = BoxFormView.swift; sourceTree = "<group>"; };
		ED3A61A62C2F0BFB008A818F /* BoxView.swift */ = {isa = PBXFileReference; lastKnownFileType = sourcecode.swift; path = BoxView.swift; sourceTree = "<group>"; };
		ED6F7B9F2BE644C300928A6D /* BoxLabels.app */ = {isa = PBXFileReference; explicitFileType = wrapper.application; includeInIndex = 0; path = BoxLabels.app; sourceTree = BUILT_PRODUCTS_DIR; };
		ED6F7BA22BE644C300928A6D /* BoxLabelsApp.swift */ = {isa = PBXFileReference; lastKnownFileType = sourcecode.swift; path = BoxLabelsApp.swift; sourceTree = "<group>"; };
		ED6F7BA62BE644C700928A6D /* Assets.xcassets */ = {isa = PBXFileReference; lastKnownFileType = folder.assetcatalog; path = Assets.xcassets; sourceTree = "<group>"; };
		ED6F7BA92BE644C700928A6D /* Preview Assets.xcassets */ = {isa = PBXFileReference; lastKnownFileType = folder.assetcatalog; path = "Preview Assets.xcassets"; sourceTree = "<group>"; };
		ED6F7BB32BE6485B00928A6D /* GoogleService-Info.plist */ = {isa = PBXFileReference; fileEncoding = 4; lastKnownFileType = text.plist.xml; path = "GoogleService-Info.plist"; sourceTree = "<group>"; };
		ED6F7BC32BE667BB00928A6D /* Box.swift */ = {isa = PBXFileReference; lastKnownFileType = sourcecode.swift; path = Box.swift; sourceTree = "<group>"; };
		ED7BDDEC2C2D940B00DECC03 /* .swiftlint.yml */ = {isa = PBXFileReference; lastKnownFileType = text.yaml; path = .swiftlint.yml; sourceTree = "<group>"; };
		ED7BDDF82C2DC14D00DECC03 /* Item.swift */ = {isa = PBXFileReference; lastKnownFileType = sourcecode.swift; path = Item.swift; sourceTree = "<group>"; };
		ED9E8AE02C2F60EB0065EDFE /* AppView.swift */ = {isa = PBXFileReference; lastKnownFileType = sourcecode.swift; path = AppView.swift; sourceTree = "<group>"; };
		ED9E8AE22C2F60F50065EDFE /* AppFeature.swift */ = {isa = PBXFileReference; lastKnownFileType = sourcecode.swift; path = AppFeature.swift; sourceTree = "<group>"; };
/* End PBXFileReference section */

/* Begin PBXFrameworksBuildPhase section */
		ED6F7B9C2BE644C300928A6D /* Frameworks */ = {
			isa = PBXFrameworksBuildPhase;
			buildActionMask = 2147483647;
			files = (
				EDCE736E2C303B9200EEF3E5 /* CodeScanner in Frameworks */,
				ED6F7BC02BE651A000928A6D /* FirebaseAnalyticsSwift in Frameworks */,
				ED6F7BBE2BE6519D00928A6D /* FirebaseAnalytics in Frameworks */,
				ED6F7BBC2BE6519900928A6D /* ComposableArchitecture in Frameworks */,
			);
			runOnlyForDeploymentPostprocessing = 0;
		};
/* End PBXFrameworksBuildPhase section */

/* Begin PBXGroup section */
		ED3A619C2C2EC84A008A818F /* Views */ = {
			isa = PBXGroup;
			children = (
				ED3A619D2C2EC855008A818F /* CardView.swift */,
				ED3A61A62C2F0BFB008A818F /* BoxView.swift */,
			);
			path = Views;
			sourceTree = "<group>";
		};
		ED3A61A12C2EF9A3008A818F /* BoxForm */ = {
			isa = PBXGroup;
			children = (
				ED3A619F2C2EF71D008A818F /* BoxFormFeature.swift */,
				ED3A61A22C2EF9B5008A818F /* BoxFormView.swift */,
			);
			path = BoxForm;
			sourceTree = "<group>";
		};
		ED6F7B962BE644C300928A6D = {
			isa = PBXGroup;
			children = (
				ED7BDDEC2C2D940B00DECC03 /* .swiftlint.yml */,
				ED6F7BA12BE644C300928A6D /* BoxLabels */,
				ED6F7BA02BE644C300928A6D /* Products */,
				ED6F7BBA2BE6519900928A6D /* Frameworks */,
			);
			sourceTree = "<group>";
		};
		ED6F7BA02BE644C300928A6D /* Products */ = {
			isa = PBXGroup;
			children = (
				ED6F7B9F2BE644C300928A6D /* BoxLabels.app */,
			);
			name = Products;
			sourceTree = "<group>";
		};
		ED6F7BA12BE644C300928A6D /* BoxLabels */ = {
			isa = PBXGroup;
			children = (
				ED7BDDE32C2D856400DECC03 /* Sources */,
				ED6F7BA62BE644C700928A6D /* Assets.xcassets */,
				ED6F7BB32BE6485B00928A6D /* GoogleService-Info.plist */,
				ED6F7BA82BE644C700928A6D /* Preview Content */,
			);
			path = BoxLabels;
			sourceTree = "<group>";
		};
		ED6F7BA82BE644C700928A6D /* Preview Content */ = {
			isa = PBXGroup;
			children = (
				ED6F7BA92BE644C700928A6D /* Preview Assets.xcassets */,
			);
			path = "Preview Content";
			sourceTree = "<group>";
		};
		ED6F7BBA2BE6519900928A6D /* Frameworks */ = {
			isa = PBXGroup;
			children = (
			);
			name = Frameworks;
			sourceTree = "<group>";
		};
		ED6F7BC12BE6660800928A6D /* Models */ = {
			isa = PBXGroup;
			children = (
				ED6F7BC32BE667BB00928A6D /* Box.swift */,
				ED7BDDF82C2DC14D00DECC03 /* Item.swift */,
			);
			path = Models;
			sourceTree = "<group>";
		};
		ED7BDDE32C2D856400DECC03 /* Sources */ = {
			isa = PBXGroup;
			children = (
				ED6F7BA22BE644C300928A6D /* BoxLabelsApp.swift */,
				ED7BDDE42C2D858D00DECC03 /* Composables */,
				ED7BDDE52C2D859400DECC03 /* Globals */,
				ED6F7BC12BE6660800928A6D /* Models */,
				ED3A619C2C2EC84A008A818F /* Views */,
			);
			path = Sources;
			sourceTree = "<group>";
		};
		ED7BDDE42C2D858D00DECC03 /* Composables */ = {
			isa = PBXGroup;
			children = (
				ED9E8ADF2C2F60DC0065EDFE /* App */,
				ED3A61A12C2EF9A3008A818F /* BoxForm */,
				ED7BDDE72C2D85E000DECC03 /* BoxesList */,
				ED7BDDEA2C2D869000DECC03 /* BoxDetail */,
				ED7BDDE92C2D868900DECC03 /* Scan */,
				ED7BDDE82C2D867E00DECC03 /* Settings */,
			);
			path = Composables;
			sourceTree = "<group>";
		};
		ED7BDDE52C2D859400DECC03 /* Globals */ = {
			isa = PBXGroup;
			children = (
				ED0EB7392C2AA17900A48F26 /* QRCodeGen.swift */,
			);
			path = Globals;
			sourceTree = "<group>";
		};
		ED7BDDE72C2D85E000DECC03 /* BoxesList */ = {
			isa = PBXGroup;
			children = (
				ED0EB7312C29963D00A48F26 /* BoxesListView.swift */,
				ED0EB73B2C2AA22100A48F26 /* BoxesListFeature.swift */,
			);
			path = BoxesList;
			sourceTree = "<group>";
		};
		ED7BDDE82C2D867E00DECC03 /* Settings */ = {
			isa = PBXGroup;
			children = (
				ED0EB72F2C29957900A48F26 /* SettingsView.swift */,
			);
			path = Settings;
			sourceTree = "<group>";
		};
		ED7BDDE92C2D868900DECC03 /* Scan */ = {
			isa = PBXGroup;
			children = (
				ED0EB7372C2A95EB00A48F26 /* ScanView.swift */,
			);
			path = Scan;
			sourceTree = "<group>";
		};
		ED7BDDEA2C2D869000DECC03 /* BoxDetail */ = {
			isa = PBXGroup;
			children = (
				ED0EB73F2C2C5C7800A48F26 /* BoxDetailView.swift */,
				ED0EB73D2C2C5C0900A48F26 /* BoxDetailFeature.swift */,
			);
			path = BoxDetail;
			sourceTree = "<group>";
		};
		ED9E8ADF2C2F60DC0065EDFE /* App */ = {
			isa = PBXGroup;
			children = (
				ED9E8AE02C2F60EB0065EDFE /* AppView.swift */,
				ED9E8AE22C2F60F50065EDFE /* AppFeature.swift */,
			);
			path = App;
			sourceTree = "<group>";
		};
/* End PBXGroup section */

/* Begin PBXNativeTarget section */
		ED6F7B9E2BE644C300928A6D /* BoxLabels */ = {
			isa = PBXNativeTarget;
			buildConfigurationList = ED6F7BAD2BE644C700928A6D /* Build configuration list for PBXNativeTarget "BoxLabels" */;
			buildPhases = (
				ED6F7B9B2BE644C300928A6D /* Sources */,
				ED6F7B9C2BE644C300928A6D /* Frameworks */,
				ED6F7B9D2BE644C300928A6D /* Resources */,
				ED7BDDEB2C2D89C600DECC03 /* ShellScript */,
			);
			buildRules = (
			);
			dependencies = (
			);
			name = BoxLabels;
			packageProductDependencies = (
				ED6F7BBB2BE6519900928A6D /* ComposableArchitecture */,
				ED6F7BBD2BE6519D00928A6D /* FirebaseAnalytics */,
				ED6F7BBF2BE651A000928A6D /* FirebaseAnalyticsSwift */,
				EDCE736D2C303B9200EEF3E5 /* CodeScanner */,
			);
			productName = BoxLabels;
			productReference = ED6F7B9F2BE644C300928A6D /* BoxLabels.app */;
			productType = "com.apple.product-type.application";
		};
/* End PBXNativeTarget section */

/* Begin PBXProject section */
		ED6F7B972BE644C300928A6D /* Project object */ = {
			isa = PBXProject;
			attributes = {
				BuildIndependentTargetsInParallel = 1;
				LastSwiftUpdateCheck = 1530;
				LastUpgradeCheck = 1530;
				TargetAttributes = {
					ED6F7B9E2BE644C300928A6D = {
						CreatedOnToolsVersion = 15.3;
					};
				};
			};
			buildConfigurationList = ED6F7B9A2BE644C300928A6D /* Build configuration list for PBXProject "BoxLabels" */;
			compatibilityVersion = "Xcode 14.0";
			developmentRegion = en;
			hasScannedForEncodings = 0;
			knownRegions = (
				en,
				Base,
			);
			mainGroup = ED6F7B962BE644C300928A6D;
			packageReferences = (
				ED6F7BB02BE6450100928A6D /* XCRemoteSwiftPackageReference "swift-composable-architecture" */,
				ED6F7BB52BE6496C00928A6D /* XCRemoteSwiftPackageReference "firebase-ios-sdk" */,
				EDCE736C2C303B9200EEF3E5 /* XCRemoteSwiftPackageReference "CodeScanner" */,
			);
			productRefGroup = ED6F7BA02BE644C300928A6D /* Products */;
			projectDirPath = "";
			projectRoot = "";
			targets = (
				ED6F7B9E2BE644C300928A6D /* BoxLabels */,
			);
		};
/* End PBXProject section */

/* Begin PBXResourcesBuildPhase section */
		ED6F7B9D2BE644C300928A6D /* Resources */ = {
			isa = PBXResourcesBuildPhase;
			buildActionMask = 2147483647;
			files = (
				ED7BDDED2C2D940B00DECC03 /* .swiftlint.yml in Resources */,
				ED6F7BAA2BE644C700928A6D /* Preview Assets.xcassets in Resources */,
				ED6F7BA72BE644C700928A6D /* Assets.xcassets in Resources */,
				ED6F7BB42BE6485B00928A6D /* GoogleService-Info.plist in Resources */,
			);
			runOnlyForDeploymentPostprocessing = 0;
		};
/* End PBXResourcesBuildPhase section */

/* Begin PBXShellScriptBuildPhase section */
		ED7BDDEB2C2D89C600DECC03 /* ShellScript */ = {
			isa = PBXShellScriptBuildPhase;
			alwaysOutOfDate = 1;
			buildActionMask = 2147483647;
			files = (
			);
			inputFileListPaths = (
			);
			inputPaths = (
			);
			outputFileListPaths = (
			);
			outputPaths = (
			);
			runOnlyForDeploymentPostprocessing = 0;
			shellPath = /bin/sh;
			shellScript = "# Type a script or drag a script file from your workspace to insert its path.\nif which swiftlint > /dev/null; then\n  swiftlint\nelse\n  echo \"warning: SwiftLint not installed, download from https://github.com/realm/SwiftLint\"\nfi\n";
		};
/* End PBXShellScriptBuildPhase section */

/* Begin PBXSourcesBuildPhase section */
		ED6F7B9B2BE644C300928A6D /* Sources */ = {
			isa = PBXSourcesBuildPhase;
			buildActionMask = 2147483647;
			files = (
				ED0EB7302C29957900A48F26 /* SettingsView.swift in Sources */,
				ED3A61A02C2EF71D008A818F /* BoxFormFeature.swift in Sources */,
				ED7BDDF92C2DC14E00DECC03 /* Item.swift in Sources */,
				ED3A61A32C2EF9B5008A818F /* BoxFormView.swift in Sources */,
				ED0EB7402C2C5C7800A48F26 /* BoxDetailView.swift in Sources */,
				ED6F7BC42BE667BB00928A6D /* Box.swift in Sources */,
				ED0EB73E2C2C5C0A00A48F26 /* BoxDetailFeature.swift in Sources */,
				ED3A61A72C2F0BFB008A818F /* BoxView.swift in Sources */,
				ED9E8AE32C2F60F50065EDFE /* AppFeature.swift in Sources */,
				ED9E8AE12C2F60EB0065EDFE /* AppView.swift in Sources */,
				ED0EB7382C2A95EB00A48F26 /* ScanView.swift in Sources */,
				ED0EB73C2C2AA22100A48F26 /* BoxesListFeature.swift in Sources */,
				ED0EB73A2C2AA17900A48F26 /* QRCodeGen.swift in Sources */,
				ED0EB7322C29963D00A48F26 /* BoxesListView.swift in Sources */,
				ED3A619E2C2EC855008A818F /* CardView.swift in Sources */,
				ED6F7BA32BE644C300928A6D /* BoxLabelsApp.swift in Sources */,
			);
			runOnlyForDeploymentPostprocessing = 0;
		};
/* End PBXSourcesBuildPhase section */

/* Begin XCBuildConfiguration section */
		ED6F7BAB2BE644C700928A6D /* Debug */ = {
			isa = XCBuildConfiguration;
			buildSettings = {
				ALWAYS_SEARCH_USER_PATHS = NO;
				ASSETCATALOG_COMPILER_GENERATE_SWIFT_ASSET_SYMBOL_EXTENSIONS = YES;
				CLANG_ANALYZER_NONNULL = YES;
				CLANG_ANALYZER_NUMBER_OBJECT_CONVERSION = YES_AGGRESSIVE;
				CLANG_CXX_LANGUAGE_STANDARD = "gnu++20";
				CLANG_ENABLE_MODULES = YES;
				CLANG_ENABLE_OBJC_ARC = YES;
				CLANG_ENABLE_OBJC_WEAK = YES;
				CLANG_WARN_BLOCK_CAPTURE_AUTORELEASING = YES;
				CLANG_WARN_BOOL_CONVERSION = YES;
				CLANG_WARN_COMMA = YES;
				CLANG_WARN_CONSTANT_CONVERSION = YES;
				CLANG_WARN_DEPRECATED_OBJC_IMPLEMENTATIONS = YES;
				CLANG_WARN_DIRECT_OBJC_ISA_USAGE = YES_ERROR;
				CLANG_WARN_DOCUMENTATION_COMMENTS = YES;
				CLANG_WARN_EMPTY_BODY = YES;
				CLANG_WARN_ENUM_CONVERSION = YES;
				CLANG_WARN_INFINITE_RECURSION = YES;
				CLANG_WARN_INT_CONVERSION = YES;
				CLANG_WARN_NON_LITERAL_NULL_CONVERSION = YES;
				CLANG_WARN_OBJC_IMPLICIT_RETAIN_SELF = YES;
				CLANG_WARN_OBJC_LITERAL_CONVERSION = YES;
				CLANG_WARN_OBJC_ROOT_CLASS = YES_ERROR;
				CLANG_WARN_QUOTED_INCLUDE_IN_FRAMEWORK_HEADER = YES;
				CLANG_WARN_RANGE_LOOP_ANALYSIS = YES;
				CLANG_WARN_STRICT_PROTOTYPES = YES;
				CLANG_WARN_SUSPICIOUS_MOVE = YES;
				CLANG_WARN_UNGUARDED_AVAILABILITY = YES_AGGRESSIVE;
				CLANG_WARN_UNREACHABLE_CODE = YES;
				CLANG_WARN__DUPLICATE_METHOD_MATCH = YES;
				COPY_PHASE_STRIP = NO;
				DEBUG_INFORMATION_FORMAT = dwarf;
				ENABLE_STRICT_OBJC_MSGSEND = YES;
				ENABLE_TESTABILITY = YES;
				ENABLE_USER_SCRIPT_SANDBOXING = YES;
				GCC_C_LANGUAGE_STANDARD = gnu17;
				GCC_DYNAMIC_NO_PIC = NO;
				GCC_NO_COMMON_BLOCKS = YES;
				GCC_OPTIMIZATION_LEVEL = 0;
				GCC_PREPROCESSOR_DEFINITIONS = (
					"DEBUG=1",
					"$(inherited)",
				);
				GCC_WARN_64_TO_32_BIT_CONVERSION = YES;
				GCC_WARN_ABOUT_RETURN_TYPE = YES_ERROR;
				GCC_WARN_UNDECLARED_SELECTOR = YES;
				GCC_WARN_UNINITIALIZED_AUTOS = YES_AGGRESSIVE;
				GCC_WARN_UNUSED_FUNCTION = YES;
				GCC_WARN_UNUSED_VARIABLE = YES;
				IPHONEOS_DEPLOYMENT_TARGET = 17.4;
				LOCALIZATION_PREFERS_STRING_CATALOGS = YES;
				MTL_ENABLE_DEBUG_INFO = INCLUDE_SOURCE;
				MTL_FAST_MATH = YES;
				ONLY_ACTIVE_ARCH = YES;
				SDKROOT = iphoneos;
				SWIFT_ACTIVE_COMPILATION_CONDITIONS = "DEBUG $(inherited)";
				SWIFT_OPTIMIZATION_LEVEL = "-Onone";
			};
			name = Debug;
		};
		ED6F7BAC2BE644C700928A6D /* Release */ = {
			isa = XCBuildConfiguration;
			buildSettings = {
				ALWAYS_SEARCH_USER_PATHS = NO;
				ASSETCATALOG_COMPILER_GENERATE_SWIFT_ASSET_SYMBOL_EXTENSIONS = YES;
				CLANG_ANALYZER_NONNULL = YES;
				CLANG_ANALYZER_NUMBER_OBJECT_CONVERSION = YES_AGGRESSIVE;
				CLANG_CXX_LANGUAGE_STANDARD = "gnu++20";
				CLANG_ENABLE_MODULES = YES;
				CLANG_ENABLE_OBJC_ARC = YES;
				CLANG_ENABLE_OBJC_WEAK = YES;
				CLANG_WARN_BLOCK_CAPTURE_AUTORELEASING = YES;
				CLANG_WARN_BOOL_CONVERSION = YES;
				CLANG_WARN_COMMA = YES;
				CLANG_WARN_CONSTANT_CONVERSION = YES;
				CLANG_WARN_DEPRECATED_OBJC_IMPLEMENTATIONS = YES;
				CLANG_WARN_DIRECT_OBJC_ISA_USAGE = YES_ERROR;
				CLANG_WARN_DOCUMENTATION_COMMENTS = YES;
				CLANG_WARN_EMPTY_BODY = YES;
				CLANG_WARN_ENUM_CONVERSION = YES;
				CLANG_WARN_INFINITE_RECURSION = YES;
				CLANG_WARN_INT_CONVERSION = YES;
				CLANG_WARN_NON_LITERAL_NULL_CONVERSION = YES;
				CLANG_WARN_OBJC_IMPLICIT_RETAIN_SELF = YES;
				CLANG_WARN_OBJC_LITERAL_CONVERSION = YES;
				CLANG_WARN_OBJC_ROOT_CLASS = YES_ERROR;
				CLANG_WARN_QUOTED_INCLUDE_IN_FRAMEWORK_HEADER = YES;
				CLANG_WARN_RANGE_LOOP_ANALYSIS = YES;
				CLANG_WARN_STRICT_PROTOTYPES = YES;
				CLANG_WARN_SUSPICIOUS_MOVE = YES;
				CLANG_WARN_UNGUARDED_AVAILABILITY = YES_AGGRESSIVE;
				CLANG_WARN_UNREACHABLE_CODE = YES;
				CLANG_WARN__DUPLICATE_METHOD_MATCH = YES;
				COPY_PHASE_STRIP = NO;
				DEBUG_INFORMATION_FORMAT = "dwarf-with-dsym";
				ENABLE_NS_ASSERTIONS = NO;
				ENABLE_STRICT_OBJC_MSGSEND = YES;
				ENABLE_USER_SCRIPT_SANDBOXING = YES;
				GCC_C_LANGUAGE_STANDARD = gnu17;
				GCC_NO_COMMON_BLOCKS = YES;
				GCC_WARN_64_TO_32_BIT_CONVERSION = YES;
				GCC_WARN_ABOUT_RETURN_TYPE = YES_ERROR;
				GCC_WARN_UNDECLARED_SELECTOR = YES;
				GCC_WARN_UNINITIALIZED_AUTOS = YES_AGGRESSIVE;
				GCC_WARN_UNUSED_FUNCTION = YES;
				GCC_WARN_UNUSED_VARIABLE = YES;
				IPHONEOS_DEPLOYMENT_TARGET = 17.4;
				LOCALIZATION_PREFERS_STRING_CATALOGS = YES;
				MTL_ENABLE_DEBUG_INFO = NO;
				MTL_FAST_MATH = YES;
				SDKROOT = iphoneos;
				SWIFT_COMPILATION_MODE = wholemodule;
				VALIDATE_PRODUCT = YES;
			};
			name = Release;
		};
		ED6F7BAE2BE644C700928A6D /* Debug */ = {
			isa = XCBuildConfiguration;
			buildSettings = {
				ASSETCATALOG_COMPILER_APPICON_NAME = AppIcon;
				ASSETCATALOG_COMPILER_GLOBAL_ACCENT_COLOR_NAME = AccentColor;
				CODE_SIGN_STYLE = Automatic;
				CURRENT_PROJECT_VERSION = 1;
				DEVELOPMENT_ASSET_PATHS = "\"BoxLabels/Preview Content\"";
				DEVELOPMENT_TEAM = 8VJXLKN8L6;
				ENABLE_PREVIEWS = YES;
				ENABLE_USER_SCRIPT_SANDBOXING = NO;
				GENERATE_INFOPLIST_FILE = YES;
				INFOPLIST_KEY_NSCameraUsageDescription = "Needed to scan QR Code";
				INFOPLIST_KEY_UIApplicationSceneManifest_Generation = YES;
				INFOPLIST_KEY_UIApplicationSupportsIndirectInputEvents = YES;
				INFOPLIST_KEY_UILaunchScreen_Generation = YES;
				INFOPLIST_KEY_UISupportedInterfaceOrientations_iPad = "UIInterfaceOrientationPortrait UIInterfaceOrientationPortraitUpsideDown UIInterfaceOrientationLandscapeLeft UIInterfaceOrientationLandscapeRight";
				INFOPLIST_KEY_UISupportedInterfaceOrientations_iPhone = "UIInterfaceOrientationPortrait UIInterfaceOrientationLandscapeLeft UIInterfaceOrientationLandscapeRight";
				IPHONEOS_DEPLOYMENT_TARGET = 16.0;
				LD_RUNPATH_SEARCH_PATHS = (
					"$(inherited)",
					"@executable_path/Frameworks",
				);
				MARKETING_VERSION = 1.0;
				PRODUCT_BUNDLE_IDENTIFIER = com.maciejpodgorski.BoxLabels;
				PRODUCT_NAME = "$(TARGET_NAME)";
				SWIFT_EMIT_LOC_STRINGS = YES;
				SWIFT_VERSION = 5.0;
				TARGETED_DEVICE_FAMILY = "1,2";
			};
			name = Debug;
		};
		ED6F7BAF2BE644C700928A6D /* Release */ = {
			isa = XCBuildConfiguration;
			buildSettings = {
				ASSETCATALOG_COMPILER_APPICON_NAME = AppIcon;
				ASSETCATALOG_COMPILER_GLOBAL_ACCENT_COLOR_NAME = AccentColor;
				CODE_SIGN_STYLE = Automatic;
				CURRENT_PROJECT_VERSION = 1;
				DEVELOPMENT_ASSET_PATHS = "\"BoxLabels/Preview Content\"";
				DEVELOPMENT_TEAM = 8VJXLKN8L6;
				ENABLE_PREVIEWS = YES;
				ENABLE_USER_SCRIPT_SANDBOXING = NO;
				GENERATE_INFOPLIST_FILE = YES;
				INFOPLIST_KEY_NSCameraUsageDescription = "Needed to scan QR Code";
				INFOPLIST_KEY_UIApplicationSceneManifest_Generation = YES;
				INFOPLIST_KEY_UIApplicationSupportsIndirectInputEvents = YES;
				INFOPLIST_KEY_UILaunchScreen_Generation = YES;
				INFOPLIST_KEY_UISupportedInterfaceOrientations_iPad = "UIInterfaceOrientationPortrait UIInterfaceOrientationPortraitUpsideDown UIInterfaceOrientationLandscapeLeft UIInterfaceOrientationLandscapeRight";
				INFOPLIST_KEY_UISupportedInterfaceOrientations_iPhone = "UIInterfaceOrientationPortrait UIInterfaceOrientationLandscapeLeft UIInterfaceOrientationLandscapeRight";
				IPHONEOS_DEPLOYMENT_TARGET = 16.0;
				LD_RUNPATH_SEARCH_PATHS = (
					"$(inherited)",
					"@executable_path/Frameworks",
				);
				MARKETING_VERSION = 1.0;
				PRODUCT_BUNDLE_IDENTIFIER = com.maciejpodgorski.BoxLabels;
				PRODUCT_NAME = "$(TARGET_NAME)";
				SWIFT_EMIT_LOC_STRINGS = YES;
				SWIFT_VERSION = 5.0;
				TARGETED_DEVICE_FAMILY = "1,2";
			};
			name = Release;
		};
/* End XCBuildConfiguration section */

/* Begin XCConfigurationList section */
		ED6F7B9A2BE644C300928A6D /* Build configuration list for PBXProject "BoxLabels" */ = {
			isa = XCConfigurationList;
			buildConfigurations = (
				ED6F7BAB2BE644C700928A6D /* Debug */,
				ED6F7BAC2BE644C700928A6D /* Release */,
			);
			defaultConfigurationIsVisible = 0;
			defaultConfigurationName = Release;
		};
		ED6F7BAD2BE644C700928A6D /* Build configuration list for PBXNativeTarget "BoxLabels" */ = {
			isa = XCConfigurationList;
			buildConfigurations = (
				ED6F7BAE2BE644C700928A6D /* Debug */,
				ED6F7BAF2BE644C700928A6D /* Release */,
			);
			defaultConfigurationIsVisible = 0;
			defaultConfigurationName = Release;
		};
/* End XCConfigurationList section */

/* Begin XCRemoteSwiftPackageReference section */
		ED6F7BB02BE6450100928A6D /* XCRemoteSwiftPackageReference "swift-composable-architecture" */ = {
			isa = XCRemoteSwiftPackageReference;
			repositoryURL = "https://github.com/pointfreeco/swift-composable-architecture";
			requirement = {
				kind = upToNextMajorVersion;
				minimumVersion = 1.10.2;
			};
		};
		ED6F7BB52BE6496C00928A6D /* XCRemoteSwiftPackageReference "firebase-ios-sdk" */ = {
			isa = XCRemoteSwiftPackageReference;
			repositoryURL = "https://github.com/firebase/firebase-ios-sdk";
			requirement = {
				kind = upToNextMajorVersion;
				minimumVersion = 10.25.0;
			};
		};
		EDCE736C2C303B9200EEF3E5 /* XCRemoteSwiftPackageReference "CodeScanner" */ = {
			isa = XCRemoteSwiftPackageReference;
			repositoryURL = "https://github.com/twostraws/CodeScanner";
			requirement = {
				kind = upToNextMajorVersion;
				minimumVersion = 2.5.0;
			};
		};
/* End XCRemoteSwiftPackageReference section */

/* Begin XCSwiftPackageProductDependency section */
		ED6F7BBB2BE6519900928A6D /* ComposableArchitecture */ = {
			isa = XCSwiftPackageProductDependency;
			package = ED6F7BB02BE6450100928A6D /* XCRemoteSwiftPackageReference "swift-composable-architecture" */;
			productName = ComposableArchitecture;
		};
		ED6F7BBD2BE6519D00928A6D /* FirebaseAnalytics */ = {
			isa = XCSwiftPackageProductDependency;
			package = ED6F7BB52BE6496C00928A6D /* XCRemoteSwiftPackageReference "firebase-ios-sdk" */;
			productName = FirebaseAnalytics;
		};
		ED6F7BBF2BE651A000928A6D /* FirebaseAnalyticsSwift */ = {
			isa = XCSwiftPackageProductDependency;
			package = ED6F7BB52BE6496C00928A6D /* XCRemoteSwiftPackageReference "firebase-ios-sdk" */;
			productName = FirebaseAnalyticsSwift;
		};
		EDCE736D2C303B9200EEF3E5 /* CodeScanner */ = {
			isa = XCSwiftPackageProductDependency;
			package = EDCE736C2C303B9200EEF3E5 /* XCRemoteSwiftPackageReference "CodeScanner" */;
			productName = CodeScanner;
		};
/* End XCSwiftPackageProductDependency section */
	};
	rootObject = ED6F7B972BE644C300928A6D /* Project object */;
}
